
Microsoft Visual Studio Solution File, Format Version 12.00
# Visual Studio Version 16
VisualStudioVersion = 16.0.32126.315
MinimumVisualStudioVersion = 10.0.40219.1
Project("{FAE04EC0-301F-11D3-BF4B-00C04F79EFBC}") = "DeckOfCards", ".\DeckOfCards\DeckOfCards.csproj", "{93046D85-C316-4895-A88A-F476EDDE304D}"
EndProject
Project("{FAE04EC0-301F-11D3-BF4B-00C04F79EFBC}") = "TestDeckOfCards", ".\TestDeckOfCards\TestDeckOfCards.csproj", "{0265AE3A-0054-422F-8F69-6A73D08ED147}"
EndProject
Global
	GlobalSection(SolutionConfigurationPlatforms) = preSolution
		Debug|Any CPU = Debug|Any CPU
		Release|Any CPU = Release|Any CPU
	EndGlobalSection
	GlobalSection(ProjectConfigurationPlatforms) = postSolution
		{93046D85-C316-4895-A88A-F476EDDE304D}.Debug|Any CPU.ActiveCfg = Debug|Any CPU
		{93046D85-C316-4895-A88A-F476EDDE304D}.Debug|Any CPU.Build.0 = Debug|Any CPU
		{93046D85-C316-4895-A88A-F476EDDE304D}.Release|Any CPU.ActiveCfg = Release|Any CPU
		{93046D85-C316-4895-A88A-F476EDDE304D}.Release|Any CPU.Build.0 = Release|Any CPU
		{0265AE3A-0054-422F-8F69-6A73D08ED147}.Debug|Any CPU.ActiveCfg = Debug|Any CPU
		{0265AE3A-0054-422F-8F69-6A73D08ED147}.Debug|Any CPU.Build.0 = Debug|Any CPU
		{0265AE3A-0054-422F-8F69-6A73D08ED147}.Release|Any CPU.ActiveCfg = Release|Any CPU
		{0265AE3A-0054-422F-8F69-6A73D08ED147}.Release|Any CPU.Build.0 = Release|Any CPU
	EndGlobalSection
	GlobalSection(SolutionProperties) = preSolution
		HideSolutionNode = FALSE
	EndGlobalSection
	GlobalSection(ExtensibilityGlobals) = postSolution
		SolutionGuid = {12AAB41F-F55F-49C4-9469-1E1D8E7227CF}
	EndGlobalSection
EndGlobal
